
Microsoft Visual Studio Solution File, Format Version 12.00
# Visual Studio Version 17
VisualStudioVersion = 17.3.32922.545
MinimumVisualStudioVersion = 10.0.40219.1
Project("{FAE04EC0-301F-11D3-BF4B-00C04F79EFBC}") = "LKS_Kab_Desktop_2021", "LKS_Kab_Desktop_2021.csproj", "{EE0A092B-23F4-400A-999A-FDF228C4A0D8}"
EndProject
Global
	GlobalSection(SolutionConfigurationPlatforms) = preSolution
		Debug|Any CPU = Debug|Any CPU
		Release|Any CPU = Release|Any CPU
	EndGlobalSection
	GlobalSection(ProjectConfigurationPlatforms) = postSolution
		{EE0A092B-23F4-400A-999A-FDF228C4A0D8}.Debug|Any CPU.ActiveCfg = Debug|Any CPU
		{EE0A092B-23F4-400A-999A-FDF228C4A0D8}.Debug|Any CPU.Build.0 = Debug|Any CPU
		{EE0A092B-23F4-400A-999A-FDF228C4A0D8}.Release|Any CPU.ActiveCfg = Release|Any CPU
		{EE0A092B-23F4-400A-999A-FDF228C4A0D8}.Release|Any CPU.Build.0 = Release|Any CPU
	EndGlobalSection
	GlobalSection(SolutionProperties) = preSolution
		HideSolutionNode = FALSE
	EndGlobalSection
	GlobalSection(ExtensibilityGlobals) = postSolution
		SolutionGuid = {4D31DB07-C0AD-46B1-9ACD-C0DE889383D8}
	EndGlobalSection
EndGlobal
